
Microsoft Visual Studio Solution File, Format Version 12.00
# Visual Studio Version 17
VisualStudioVersion = 17.1.32210.238
MinimumVisualStudioVersion = 10.0.40219.1
Project("{FAE04EC0-301F-11D3-BF4B-00C04F79EFBC}") = "WordTransposer", "WordTransposer\WordTransposer.csproj", "{6F48B598-FDA1-408A-8F77-9D4D77F1AF76}"
EndProject
Global
	GlobalSection(SolutionConfigurationPlatforms) = preSolution
		Debug|Any CPU = Debug|Any CPU
		Release|Any CPU = Release|Any CPU
	EndGlobalSection
	GlobalSection(ProjectConfigurationPlatforms) = postSolution
		{6F48B598-FDA1-408A-8F77-9D4D77F1AF76}.Debug|Any CPU.ActiveCfg = Debug|Any CPU
		{6F48B598-FDA1-408A-8F77-9D4D77F1AF76}.Debug|Any CPU.Build.0 = Debug|Any CPU
		{6F48B598-FDA1-408A-8F77-9D4D77F1AF76}.Release|Any CPU.ActiveCfg = Release|Any CPU
		{6F48B598-FDA1-408A-8F77-9D4D77F1AF76}.Release|Any CPU.Build.0 = Release|Any CPU
	EndGlobalSection
	GlobalSection(SolutionProperties) = preSolution
		HideSolutionNode = FALSE
	EndGlobalSection
	GlobalSection(ExtensibilityGlobals) = postSolution
		SolutionGuid = {64C67A1C-575E-47AD-A356-718F9B7FCA99}
	EndGlobalSection
EndGlobal
